
Microsoft Visual Studio Solution File, Format Version 12.00
# Visual Studio Version 16
VisualStudioVersion = 16.0.31729.503
MinimumVisualStudioVersion = 10.0.40219.1
Project("{FAE04EC0-301F-11D3-BF4B-00C04F79EFBC}") = "test2", "test2.csproj", "{16DA86AF-7F30-47A0-A703-1218C4E3D475}"
EndProject
Global
	GlobalSection(SolutionConfigurationPlatforms) = preSolution
		Debug|Any CPU = Debug|Any CPU
		Release|Any CPU = Release|Any CPU
	EndGlobalSection
	GlobalSection(ProjectConfigurationPlatforms) = postSolution
		{16DA86AF-7F30-47A0-A703-1218C4E3D475}.Debug|Any CPU.ActiveCfg = Debug|Any CPU
		{16DA86AF-7F30-47A0-A703-1218C4E3D475}.Debug|Any CPU.Build.0 = Debug|Any CPU
		{16DA86AF-7F30-47A0-A703-1218C4E3D475}.Release|Any CPU.ActiveCfg = Release|Any CPU
		{16DA86AF-7F30-47A0-A703-1218C4E3D475}.Release|Any CPU.Build.0 = Release|Any CPU
	EndGlobalSection
	GlobalSection(SolutionProperties) = preSolution
		HideSolutionNode = FALSE
	EndGlobalSection
	GlobalSection(ExtensibilityGlobals) = postSolution
		SolutionGuid = {BC2F8DE6-7356-4476-89D2-140AFFA8BEBA}
	EndGlobalSection
EndGlobal
